<?xml version="1.0" encoding="utf-8"?>
<Project ToolsVersion="4.0" xmlns="http://schemas.microsoft.com/developer/msbuild/2003">
  <ItemGroup>
    <Filter Include="Source Files">
      <UniqueIdentifier>{7b5c24dd-cee6-41f0-82fa-fae60e7fe33c}</UniqueIdentifier>
      <Extensions>cpp;c;cxx;rc;def;r;odl;idl;hpj;bat</Extensions>
    </Filter>
    <Filter Include="Header Files">
      <UniqueIdentifier>{04f45b6e-206e-4b74-8e84-a63bf8ecbaf2}</UniqueIdentifier>
      <Extensions>h;hpp;hxx;hm;inl</Extensions>
    </Filter>
  </ItemGroup>
  <ItemGroup>
    <ClCompile Include="dfscores.cpp">
      <Filter>Source Files</Filter>
    </ClCompile>
    <ClCompile Include="dogfight.cpp">
      <Filter>Source Files</Filter>
    </ClCompile>
    <ClCompile Include="dogmenus.cpp">
      <Filter>Source Files</Filter>
    </ClCompile>
  </ItemGroup>
</Project>