<?xml version="1.0" encoding="utf-8"?>
<Project ToolsVersion="4.0" xmlns="http://schemas.microsoft.com/developer/msbuild/2003">
  <ItemGroup>
    <Filter Include="Source Files">
      <UniqueIdentifier>{af8dc788-15a0-4a39-9ba2-38865dc63988}</UniqueIdentifier>
      <Extensions>cpp;c;cxx;rc;def;r;odl;idl;hpj;bat</Extensions>
    </Filter>
    <Filter Include="Header Files">
      <UniqueIdentifier>{0a160295-6697-45fe-8572-75da2db1c677}</UniqueIdentifier>
      <Extensions>h;hpp;hxx;hm;inl</Extensions>
    </Filter>
  </ItemGroup>
  <ItemGroup>
    <ClCompile Include="atcBrain.cpp">
      <Filter>Source Files</Filter>
    </ClCompile>
    <ClCompile Include="..\..\FALCLIB\MsgSrc\ATCCmdMsg.cpp">
      <Filter>Source Files</Filter>
    </ClCompile>
    <ClCompile Include="..\..\FALCLIB\MsgSrc\ATCMsg.cpp">
      <Filter>Source Files</Filter>
    </ClCompile>
  </ItemGroup>
  <ItemGroup>
    <ClInclude Include="..\include\aiinput.h">
      <Filter>Header Files</Filter>
    </ClInclude>
    <ClInclude Include="..\include\airunit.h">
      <Filter>Header Files</Filter>
    </ClInclude>
    <ClInclude Include="..\include\asearch.h">
      <Filter>Header Files</Filter>
    </ClInclude>
    <ClInclude Include="..\..\sim\include\atcbrain.h">
      <Filter>Header Files</Filter>
    </ClInclude>
    <ClInclude Include="..\include\campbase.h">
      <Filter>Header Files</Filter>
    </ClInclude>
    <ClInclude Include="..\include\campcell.h">
      <Filter>Header Files</Filter>
    </ClInclude>
    <ClInclude Include="..\include\camplist.h">
      <Filter>Header Files</Filter>
    </ClInclude>
    <ClInclude Include="..\include\campterr.h">
      <Filter>Header Files</Filter>
    </ClInclude>
    <ClInclude Include="..\Include\Campweap.h">
      <Filter>Header Files</Filter>
    </ClInclude>
    <ClInclude Include="..\include\campwp.h">
      <Filter>Header Files</Filter>
    </ClInclude>
    <ClInclude Include="..\Include\CmpRadar.h">
      <Filter>Header Files</Filter>
    </ClInclude>
    <ClInclude Include="..\include\find.h">
      <Filter>Header Files</Filter>
    </ClInclude>
    <ClInclude Include="..\include\listadt.h">
      <Filter>Header Files</Filter>
    </ClInclude>
    <ClInclude Include="..\include\loadout.h">
      <Filter>Header Files</Filter>
    </ClInclude>
    <ClInclude Include="..\include\objectiv.h">
      <Filter>Header Files</Filter>
    </ClInclude>
    <ClInclude Include="..\Include\Path.h">
      <Filter>Header Files</Filter>
    </ClInclude>
    <ClInclude Include="..\include\persist.h">
      <Filter>Header Files</Filter>
    </ClInclude>
    <ClInclude Include="..\include\ptdata.h">
      <Filter>Header Files</Filter>
    </ClInclude>
    <ClInclude Include="..\include\team.h">
      <Filter>Header Files</Filter>
    </ClInclude>
    <ClInclude Include="..\include\unit.h">
      <Filter>Header Files</Filter>
    </ClInclude>
    <ClInclude Include="..\include\vehicle.h">
      <Filter>Header Files</Filter>
    </ClInclude>
  </ItemGroup>
</Project>