<?xml version="1.0" encoding="utf-8"?>
<Project ToolsVersion="4.0" xmlns="http://schemas.microsoft.com/developer/msbuild/2003">
  <ItemGroup>
    <Filter Include="Source Files">
      <UniqueIdentifier>{7dbcb618-a8dd-4812-820d-033ddb689c3f}</UniqueIdentifier>
      <Extensions>cpp;c;cxx;rc;def;r;odl;idl;hpj;bat</Extensions>
    </Filter>
    <Filter Include="Header Files">
      <UniqueIdentifier>{f7ac6350-4eb6-4e7a-b95b-7d931659ab31}</UniqueIdentifier>
      <Extensions>h;hpp;hxx;hm;inl</Extensions>
    </Filter>
  </ItemGroup>
  <ItemGroup>
    <ClCompile Include="caution.cpp">
      <Filter>Source Files</Filter>
    </ClCompile>
    <ClCompile Include="fack.cpp">
      <Filter>Source Files</Filter>
    </ClCompile>
    <ClCompile Include="fault.cpp">
      <Filter>Source Files</Filter>
    </ClCompile>
  </ItemGroup>
  <ItemGroup>
    <ClInclude Include="..\include\caution.h">
      <Filter>Header Files</Filter>
    </ClInclude>
    <ClInclude Include="..\include\fack.h">
      <Filter>Header Files</Filter>
    </ClInclude>
    <ClInclude Include="..\include\fault.h">
      <Filter>Header Files</Filter>
    </ClInclude>
  </ItemGroup>
</Project>