<?xml version="1.0" encoding="utf-8"?>
<Project ToolsVersion="4.0" xmlns="http://schemas.microsoft.com/developer/msbuild/2003">
  <ItemGroup>
    <Filter Include="Source Files">
      <UniqueIdentifier>{47f29f8d-1acb-44a2-9c4d-4323b2b71804}</UniqueIdentifier>
      <Extensions>cpp;c;cxx;rc;def;r;odl;idl;hpj;bat</Extensions>
    </Filter>
    <Filter Include="Header Files">
      <UniqueIdentifier>{bce8c304-c087-447f-bc3a-fc3289c2097e}</UniqueIdentifier>
      <Extensions>h;hpp;hxx;hm;inl</Extensions>
    </Filter>
  </ItemGroup>
  <ItemGroup>
    <ClCompile Include="Detect.cpp">
      <Filter>Source Files</Filter>
    </ClCompile>
    <ClCompile Include="Irst.cpp">
      <Filter>Source Files</Filter>
    </ClCompile>
  </ItemGroup>
  <ItemGroup>
    <ClInclude Include="..\include\irst.h">
      <Filter>Header Files</Filter>
    </ClInclude>
    <ClInclude Include="..\Include\irstData.h">
      <Filter>Header Files</Filter>
    </ClInclude>
  </ItemGroup>
</Project>