<?xml version="1.0" encoding="utf-8"?>
<Project ToolsVersion="4.0" xmlns="http://schemas.microsoft.com/developer/msbuild/2003">
  <ItemGroup>
    <Filter Include="Source Files">
      <UniqueIdentifier>{1e62cd31-997e-4c11-90a0-1d845876b850}</UniqueIdentifier>
      <Extensions>cpp;c;cxx;rc;def;r;odl;idl;hpj;bat</Extensions>
    </Filter>
    <Filter Include="Header Files">
      <UniqueIdentifier>{9e75e51c-e5f3-4f38-a113-dade1f334568}</UniqueIdentifier>
      <Extensions>h;hpp;hxx;hm;inl</Extensions>
    </Filter>
  </ItemGroup>
  <ItemGroup>
    <ClCompile Include="real2DCloud.cpp">
      <Filter>Source Files</Filter>
    </ClCompile>
    <ClCompile Include="real3DCloud.cpp">
      <Filter>Source Files</Filter>
    </ClCompile>
    <ClCompile Include="realWeather.cpp">
      <Filter>Source Files</Filter>
    </ClCompile>
    <ClCompile Include="Star.cpp">
      <Filter>Source Files</Filter>
    </ClCompile>
    <ClCompile Include="Tod.cpp">
      <Filter>Source Files</Filter>
    </ClCompile>
  </ItemGroup>
  <ItemGroup>
    <ClInclude Include="..\Include\real2DCloud.h">
      <Filter>Header Files</Filter>
    </ClInclude>
    <ClInclude Include="..\Include\real3DCloud.h">
      <Filter>Header Files</Filter>
    </ClInclude>
    <ClInclude Include="..\Include\realweather.h">
      <Filter>Header Files</Filter>
    </ClInclude>
  </ItemGroup>
</Project>