<?xml version="1.0" encoding="utf-8"?>
<Project ToolsVersion="4.0" xmlns="http://schemas.microsoft.com/developer/msbuild/2003">
  <ItemGroup>
    <Filter Include="Source Files">
      <UniqueIdentifier>{55fcf3f9-72d0-4043-8d69-4b47ab1f996b}</UniqueIdentifier>
      <Extensions>cpp;c;cxx;rc;def;r;odl;idl;hpj;bat</Extensions>
    </Filter>
    <Filter Include="Header Files">
      <UniqueIdentifier>{fc48364d-2c05-43af-83e5-62863e6ba7e2}</UniqueIdentifier>
      <Extensions>h;hpp;hxx;hm;inl</Extensions>
    </Filter>
  </ItemGroup>
  <ItemGroup>
    <ClCompile Include="Accel.cpp">
      <Filter>Source Files</Filter>
    </ClCompile>
    <ClCompile Include="Aero.cpp">
      <Filter>Source Files</Filter>
    </ClCompile>
    <ClCompile Include="Apprch.cpp">
      <Filter>Source Files</Filter>
    </ClCompile>
    <ClCompile Include="Atmos.cpp">
      <Filter>Source Files</Filter>
    </ClCompile>
    <ClCompile Include="Engine.cpp">
      <Filter>Source Files</Filter>
    </ClCompile>
    <ClCompile Include="Eom.cpp">
      <Filter>Source Files</Filter>
    </ClCompile>
    <ClCompile Include="Fcs.cpp">
      <Filter>Source Files</Filter>
    </ClCompile>
    <ClCompile Include="Flight.cpp">
      <Filter>Source Files</Filter>
    </ClCompile>
    <ClCompile Include="Gains.cpp">
      <Filter>Source Files</Filter>
    </ClCompile>
    <ClCompile Include="Guidance.cpp">
      <Filter>Source Files</Filter>
    </ClCompile>
    <ClCompile Include="Init1.cpp">
      <Filter>Source Files</Filter>
    </ClCompile>
    <ClCompile Include="Init2.cpp">
      <Filter>Source Files</Filter>
    </ClCompile>
    <ClCompile Include="Launch.cpp">
      <Filter>Source Files</Filter>
    </ClCompile>
    <ClCompile Include="Mavdisp.cpp">
      <Filter>Source Files</Filter>
    </ClCompile>
    <ClCompile Include="Misldisp.cpp">
      <Filter>Source Files</Filter>
    </ClCompile>
    <ClCompile Include="Missfunc.cpp">
      <Filter>Source Files</Filter>
    </ClCompile>
    <ClCompile Include="Missmain.cpp">
      <Filter>Source Files</Filter>
    </ClCompile>
    <ClCompile Include="msltrail.cpp">
      <Filter>Source Files</Filter>
    </ClCompile>
    <ClCompile Include="Pitch.cpp">
      <Filter>Source Files</Filter>
    </ClCompile>
    <ClCompile Include="Readin.cpp">
      <Filter>Source Files</Filter>
    </ClCompile>
    <ClCompile Include="Seeker.cpp">
      <Filter>Source Files</Filter>
    </ClCompile>
    <ClCompile Include="Status.cpp">
      <Filter>Source Files</Filter>
    </ClCompile>
    <ClCompile Include="Target.cpp">
      <Filter>Source Files</Filter>
    </ClCompile>
    <ClCompile Include="Trig.cpp">
      <Filter>Source Files</Filter>
    </ClCompile>
    <ClCompile Include="Yaw.cpp">
      <Filter>Source Files</Filter>
    </ClCompile>
    <ClCompile Include="MissileDataRange.cpp">
      <Filter>Source Files</Filter>
    </ClCompile>
  </ItemGroup>
  <ItemGroup>
    <ClInclude Include="..\INCLUDE\mavdisp.h">
      <Filter>Header Files</Filter>
    </ClInclude>
    <ClInclude Include="..\INCLUDE\Misldisp.h">
      <Filter>Header Files</Filter>
    </ClInclude>
    <ClInclude Include="..\Include\Missdata.h">
      <Filter>Header Files</Filter>
    </ClInclude>
    <ClInclude Include="..\include\missile.h">
      <Filter>Header Files</Filter>
    </ClInclude>
  </ItemGroup>
</Project>