<?xml version="1.0" encoding="utf-8"?>
<Project ToolsVersion="4.0" xmlns="http://schemas.microsoft.com/developer/msbuild/2003">
  <ItemGroup>
    <Filter Include="Source Files">
      <UniqueIdentifier>{1c22224a-b074-4f80-b98d-8856ed8d509f}</UniqueIdentifier>
      <Extensions>cpp;c;cxx;rc;def;r;odl;idl;hpj;bat</Extensions>
    </Filter>
    <Filter Include="Header Files">
      <UniqueIdentifier>{c29d0962-0315-4777-8b46-2640d242549f}</UniqueIdentifier>
      <Extensions>h;hpp;hxx;hm;inl</Extensions>
    </Filter>
  </ItemGroup>
  <ItemGroup>
    <ClCompile Include="finders.cpp">
      <Filter>Source Files</Filter>
    </ClCompile>
    <ClCompile Include="rtloop.cpp">
      <Filter>Source Files</Filter>
    </ClCompile>
    <ClCompile Include="simATC.cpp">
      <Filter>Source Files</Filter>
    </ClCompile>
    <ClCompile Include="Simdrive.cpp">
      <Filter>Source Files</Filter>
    </ClCompile>
    <ClCompile Include="simvucb.cpp">
      <Filter>Source Files</Filter>
    </ClCompile>
  </ItemGroup>
  <ItemGroup>
    <ClInclude Include="..\include\simdrive.h">
      <Filter>Header Files</Filter>
    </ClInclude>
    <ClInclude Include="..\Include\simvucb.h">
      <Filter>Header Files</Filter>
    </ClInclude>
  </ItemGroup>
</Project>